<?xml version="1.0" encoding="utf-8"?>
<Project ToolsVersion="4.0" xmlns:atg="http://atg.xbox.com" xmlns="http://schemas.microsoft.com/developer/msbuild/2003">
  <ItemGroup>
    <Filter Include="Resource Files">
      <UniqueIdentifier>{8e114980-c1a3-4ada-ad7c-83caadf5daeb}</UniqueIdentifier>
      <Extensions>rc;ico;cur;bmp;dlg;rc2;rct;bin;rgs;gif;jpg;jpeg;jpe</Extensions>
    </Filter>
    <Filter Include="Main">
      <UniqueIdentifier>{f79342ad-3472-4e46-8b42-491d2a3dd7e5}</UniqueIdentifier>
    </Filter>
  </ItemGroup>
  <ItemGroup>
    <None Include="DXUT\Optional\directx.ico">
      <Filter>Resource Files</Filter>
    </None>
  </ItemGroup>
  <ItemGroup>
    <ClCompile Include="D3DApp.cpp">
      <Filter>Main</Filter>
    </ClCompile>
    <ClCompile Include="Game.cpp">
      <Filter>Main</Filter>
    </ClCompile>
    <ClCompile Include="main.cpp">
      <Filter>Main</Filter>
    </ClCompile>
    <ClCompile Include="StdAfx.cpp">
      <Filter>Main</Filter>
    </ClCompile>
    <ClCompile Include="Texture.cpp">
      <Filter>Main</Filter>
    </ClCompile>
    <ClCompile Include="IGameObject.cpp">
      <Filter>Main</Filter>
    </ClCompile>
    <ClCompile Include="GameObject.cpp">
      <Filter>Main</Filter>
    </ClCompile>
    <ClCompile Include="Input.cpp">
      <Filter>Main</Filter>
    </ClCompile>
    <ClCompile Include="SceneManager.cpp">
      <Filter>Main</Filter>
    </ClCompile>
    <ClCompile Include="SceneObject.cpp">
      <Filter>Main</Filter>
    </ClCompile>
  </ItemGroup>
  <ItemGroup>
    <CLInclude Include="resource.h">
      <Filter>Resource Files</Filter>
    </CLInclude>
    <ResourceCompile Include="CreateDevice.rc">
      <Filter>Resource Files</Filter>
    </ResourceCompile>
    <ClInclude Include="D3DApp.h">
      <Filter>Main</Filter>
    </ClInclude>
    <ClInclude Include="Game.h">
      <Filter>Main</Filter>
    </ClInclude>
    <ClInclude Include="StdAfx.h">
      <Filter>Main</Filter>
    </ClInclude>
    <ClInclude Include="Texture.h">
      <Filter>Main</Filter>
    </ClInclude>
    <ClInclude Include="Utils.h">
      <Filter>Main</Filter>
    </ClInclude>
    <ClInclude Include="IGameObject.h">
      <Filter>Main</Filter>
    </ClInclude>
    <ClInclude Include="Input.h">
      <Filter>Main</Filter>
    </ClInclude>
    <ClInclude Include="GameObject.h">
      <Filter>Main</Filter>
    </ClInclude>
    <ClInclude Include="SceneManager.h">
      <Filter>Main</Filter>
    </ClInclude>
    <ClInclude Include="SceneObject.h">
      <Filter>Main</Filter>
    </ClInclude>
  </ItemGroup>
  <ItemGroup>
  </ItemGroup>
</Project>